
Microsoft Visual Studio Solution File, Format Version 12.00
# Visual Studio Version 17
VisualStudioVersion = 17.11.35431.28
MinimumVisualStudioVersion = 10.0.40219.1
Project("{9A19103F-16F7-4668-BE54-9A1E7A4F7556}") = "VPet.Plugin.OpenAiPlugin", "VPet.Plugin.OpenAiPlugin.csproj", "{3AB30841-F4CB-43B9-8214-BC9347F4B4F6}"
EndProject
Global
	GlobalSection(SolutionConfigurationPlatforms) = preSolution
		Debug|Any CPU = Debug|Any CPU
		Release|Any CPU = Release|Any CPU
	EndGlobalSection
	GlobalSection(ProjectConfigurationPlatforms) = postSolution
		{3AB30841-F4CB-43B9-8214-BC9347F4B4F6}.Debug|Any CPU.ActiveCfg = Debug|Any CPU
		{3AB30841-F4CB-43B9-8214-BC9347F4B4F6}.Debug|Any CPU.Build.0 = Debug|Any CPU
		{3AB30841-F4CB-43B9-8214-BC9347F4B4F6}.Release|Any CPU.ActiveCfg = Release|Any CPU
		{3AB30841-F4CB-43B9-8214-BC9347F4B4F6}.Release|Any CPU.Build.0 = Release|Any CPU
	EndGlobalSection
	GlobalSection(SolutionProperties) = preSolution
		HideSolutionNode = FALSE
	EndGlobalSection
	GlobalSection(ExtensibilityGlobals) = postSolution
		SolutionGuid = {B63B9464-0044-4D63-BD9B-9920D2EF64A0}
	EndGlobalSection
EndGlobal
